
Microsoft Visual Studio Solution File, Format Version 12.00
# Visual Studio 15
VisualStudioVersion = 15.0.26228.9
MinimumVisualStudioVersion = 10.0.40219.1
Project("{FAE04EC0-301F-11D3-BF4B-00C04F79EFBC}") = "MockableDateTime", "MockableDateTime\MockableDateTime.csproj", "{ED91DF5F-6E90-41E9-AD2D-A25181207B83}"
EndProject
Project("{FAE04EC0-301F-11D3-BF4B-00C04F79EFBC}") = "MockableDateTime.Test", "MockableDateTime.Test\MockableDateTime.Test.csproj", "{09D13B30-F2F5-4528-A819-8E1EE80B389D}"
EndProject
Global
	GlobalSection(SolutionConfigurationPlatforms) = preSolution
		Debug|Any CPU = Debug|Any CPU
		Release|Any CPU = Release|Any CPU
	EndGlobalSection
	GlobalSection(ProjectConfigurationPlatforms) = postSolution
		{ED91DF5F-6E90-41E9-AD2D-A25181207B83}.Debug|Any CPU.ActiveCfg = Debug|Any CPU
		{ED91DF5F-6E90-41E9-AD2D-A25181207B83}.Debug|Any CPU.Build.0 = Debug|Any CPU
		{ED91DF5F-6E90-41E9-AD2D-A25181207B83}.Release|Any CPU.ActiveCfg = Release|Any CPU
		{ED91DF5F-6E90-41E9-AD2D-A25181207B83}.Release|Any CPU.Build.0 = Release|Any CPU
		{09D13B30-F2F5-4528-A819-8E1EE80B389D}.Debug|Any CPU.ActiveCfg = Debug|Any CPU
		{09D13B30-F2F5-4528-A819-8E1EE80B389D}.Debug|Any CPU.Build.0 = Debug|Any CPU
		{09D13B30-F2F5-4528-A819-8E1EE80B389D}.Release|Any CPU.ActiveCfg = Release|Any CPU
		{09D13B30-F2F5-4528-A819-8E1EE80B389D}.Release|Any CPU.Build.0 = Release|Any CPU
	EndGlobalSection
	GlobalSection(SolutionProperties) = preSolution
		HideSolutionNode = FALSE
	EndGlobalSection
EndGlobal
